
Microsoft Visual Studio Solution File, Format Version 12.00
# Visual Studio Version 16
VisualStudioVersion = 16.0.29905.134
MinimumVisualStudioVersion = 10.0.40219.1
Project("{2150E333-8FDC-42A3-9474-1A3956D46DE8}") = "Tools", "Tools", "{36E4B853-6B0A-4952-ACF3-7B364C819D90}"
	ProjectSection(SolutionItems) = preProject
		Tools\ConcurrencyVisualizer.nuspec = Tools\ConcurrencyVisualizer.nuspec
	EndProjectSection
EndProject
Project("{2150E333-8FDC-42A3-9474-1A3956D46DE8}") = "Solution Items", "Solution Items", "{41D59951-52C3-4635-A683-4257EA2616F9}"
	ProjectSection(SolutionItems) = preProject
		.gitignore = .gitignore
		README.md = README.md
	EndProjectSection
EndProject
Project("{9A19103F-16F7-4668-BE54-9A1E7A4F7556}") = "ConcurrencyVisualizer.Core", "ConcurrencyVisualizer.Core\ConcurrencyVisualizer.Core.csproj", "{422EC58D-1289-4A3E-A8B1-D2C2E897E283}"
EndProject
Global
	GlobalSection(SolutionConfigurationPlatforms) = preSolution
		Debug|Any CPU = Debug|Any CPU
		Release|Any CPU = Release|Any CPU
	EndGlobalSection
	GlobalSection(ProjectConfigurationPlatforms) = postSolution
		{422EC58D-1289-4A3E-A8B1-D2C2E897E283}.Debug|Any CPU.ActiveCfg = Debug|Any CPU
		{422EC58D-1289-4A3E-A8B1-D2C2E897E283}.Debug|Any CPU.Build.0 = Debug|Any CPU
		{422EC58D-1289-4A3E-A8B1-D2C2E897E283}.Release|Any CPU.ActiveCfg = Release|Any CPU
		{422EC58D-1289-4A3E-A8B1-D2C2E897E283}.Release|Any CPU.Build.0 = Release|Any CPU
	EndGlobalSection
	GlobalSection(SolutionProperties) = preSolution
		HideSolutionNode = FALSE
	EndGlobalSection
	GlobalSection(ExtensibilityGlobals) = postSolution
		SolutionGuid = {6F708252-C307-4539-A0B8-A7D8064A2281}
	EndGlobalSection
EndGlobal
